
Microsoft Visual Studio Solution File, Format Version 12.00
# Visual Studio Version 16
VisualStudioVersion = 16.0.32630.194
MinimumVisualStudioVersion = 10.0.40219.1
Project("{FAE04EC0-301F-11D3-BF4B-00C04F79EFBC}") = "TestGitStep", "TestGitStep\TestGitStep.csproj", "{654BFA30-B167-4A32-A948-C036E636F693}"
EndProject
Global
	GlobalSection(SolutionConfigurationPlatforms) = preSolution
		Debug|Any CPU = Debug|Any CPU
		Release|Any CPU = Release|Any CPU
	EndGlobalSection
	GlobalSection(ProjectConfigurationPlatforms) = postSolution
		{654BFA30-B167-4A32-A948-C036E636F693}.Debug|Any CPU.ActiveCfg = Debug|Any CPU
		{654BFA30-B167-4A32-A948-C036E636F693}.Debug|Any CPU.Build.0 = Debug|Any CPU
		{654BFA30-B167-4A32-A948-C036E636F693}.Release|Any CPU.ActiveCfg = Release|Any CPU
		{654BFA30-B167-4A32-A948-C036E636F693}.Release|Any CPU.Build.0 = Release|Any CPU
	EndGlobalSection
	GlobalSection(SolutionProperties) = preSolution
		HideSolutionNode = FALSE
	EndGlobalSection
	GlobalSection(ExtensibilityGlobals) = postSolution
		SolutionGuid = {6EC5E2BA-FA80-4FE3-8CCD-A93338FC8EF2}
	EndGlobalSection
EndGlobal
